
Microsoft Visual Studio Solution File, Format Version 12.00
# Visual Studio Version 17
VisualStudioVersion = 17.8.34511.84
MinimumVisualStudioVersion = 10.0.40219.1
Project("{9A19103F-16F7-4668-BE54-9A1E7A4F7556}") = "DRrecords", "DRrecords\DRrecords.csproj", "{DF5D0BCC-75B1-44E2-B34A-6B5E4E653387}"
EndProject
Project("{FAE04EC0-301F-11D3-BF4B-00C04F79EFBC}") = "DRrecordsTests", "DRrecordsTests\DRrecordsTests.csproj", "{F5487C4E-A1C8-4ABA-8F45-B7ED6E3962D1}"
EndProject
Global
	GlobalSection(SolutionConfigurationPlatforms) = preSolution
		Debug|Any CPU = Debug|Any CPU
		Release|Any CPU = Release|Any CPU
	EndGlobalSection
	GlobalSection(ProjectConfigurationPlatforms) = postSolution
		{DF5D0BCC-75B1-44E2-B34A-6B5E4E653387}.Debug|Any CPU.ActiveCfg = Debug|Any CPU
		{DF5D0BCC-75B1-44E2-B34A-6B5E4E653387}.Debug|Any CPU.Build.0 = Debug|Any CPU
		{DF5D0BCC-75B1-44E2-B34A-6B5E4E653387}.Release|Any CPU.ActiveCfg = Release|Any CPU
		{DF5D0BCC-75B1-44E2-B34A-6B5E4E653387}.Release|Any CPU.Build.0 = Release|Any CPU
		{F5487C4E-A1C8-4ABA-8F45-B7ED6E3962D1}.Debug|Any CPU.ActiveCfg = Debug|Any CPU
		{F5487C4E-A1C8-4ABA-8F45-B7ED6E3962D1}.Debug|Any CPU.Build.0 = Debug|Any CPU
		{F5487C4E-A1C8-4ABA-8F45-B7ED6E3962D1}.Release|Any CPU.ActiveCfg = Release|Any CPU
		{F5487C4E-A1C8-4ABA-8F45-B7ED6E3962D1}.Release|Any CPU.Build.0 = Release|Any CPU
	EndGlobalSection
	GlobalSection(SolutionProperties) = preSolution
		HideSolutionNode = FALSE
	EndGlobalSection
	GlobalSection(ExtensibilityGlobals) = postSolution
		SolutionGuid = {8083CE1A-712F-40E3-915B-201D970FCFDE}
	EndGlobalSection
EndGlobal
